
Microsoft Visual Studio Solution File, Format Version 12.00
# Visual Studio Version 16
VisualStudioVersion = 16.0.32630.194
MinimumVisualStudioVersion = 10.0.40219.1
Project("{FAE04EC0-301F-11D3-BF4B-00C04F79EFBC}") = "WebApplication", "WebApplication\WebApplication.csproj", "{87B9AC75-E8BF-4C40-A015-5623A0F8212A}"
EndProject
Global
	GlobalSection(SolutionConfigurationPlatforms) = preSolution
		Debug|Any CPU = Debug|Any CPU
		Release|Any CPU = Release|Any CPU
	EndGlobalSection
	GlobalSection(ProjectConfigurationPlatforms) = postSolution
		{87B9AC75-E8BF-4C40-A015-5623A0F8212A}.Debug|Any CPU.ActiveCfg = Debug|Any CPU
		{87B9AC75-E8BF-4C40-A015-5623A0F8212A}.Debug|Any CPU.Build.0 = Debug|Any CPU
		{87B9AC75-E8BF-4C40-A015-5623A0F8212A}.Release|Any CPU.ActiveCfg = Release|Any CPU
		{87B9AC75-E8BF-4C40-A015-5623A0F8212A}.Release|Any CPU.Build.0 = Release|Any CPU
	EndGlobalSection
	GlobalSection(SolutionProperties) = preSolution
		HideSolutionNode = FALSE
	EndGlobalSection
	GlobalSection(ExtensibilityGlobals) = postSolution
		SolutionGuid = {33BFC163-2C99-4788-B9C0-1C90F90B0479}
	EndGlobalSection
EndGlobal
